
Microsoft Visual Studio Solution File, Format Version 12.00
# Visual Studio Version 17
VisualStudioVersion = 17.0.31919.166
MinimumVisualStudioVersion = 10.0.40219.1
Project("{FAE04EC0-301F-11D3-BF4B-00C04F79EFBC}") = "pnbh.core.aws", "pnbh.core.aws\pnbh.core.aws.csproj", "{C6BADFBF-08B6-4536-A82E-DE992DBE2BB1}"
EndProject
Global
	GlobalSection(SolutionConfigurationPlatforms) = preSolution
		Debug|Any CPU = Debug|Any CPU
		Release|Any CPU = Release|Any CPU
	EndGlobalSection
	GlobalSection(ProjectConfigurationPlatforms) = postSolution
		{C6BADFBF-08B6-4536-A82E-DE992DBE2BB1}.Debug|Any CPU.ActiveCfg = Debug|Any CPU
		{C6BADFBF-08B6-4536-A82E-DE992DBE2BB1}.Debug|Any CPU.Build.0 = Debug|Any CPU
		{C6BADFBF-08B6-4536-A82E-DE992DBE2BB1}.Release|Any CPU.ActiveCfg = Release|Any CPU
		{C6BADFBF-08B6-4536-A82E-DE992DBE2BB1}.Release|Any CPU.Build.0 = Release|Any CPU
	EndGlobalSection
	GlobalSection(SolutionProperties) = preSolution
		HideSolutionNode = FALSE
	EndGlobalSection
	GlobalSection(ExtensibilityGlobals) = postSolution
		SolutionGuid = {B540AADF-5453-4043-BDF1-74988F0F0DDC}
	EndGlobalSection
EndGlobal
